
Microsoft Visual Studio Solution File, Format Version 12.00
# Visual Studio Version 16
VisualStudioVersion = 16.0.30523.141
MinimumVisualStudioVersion = 10.0.40219.1
Project("{FAE04EC0-301F-11D3-BF4B-00C04F79EFBC}") = "BibliotecaXF.UWP", "BibliotecaXF.UWP\BibliotecaXF.UWP.csproj", "{C68E28C4-A98D-4207-9F44-5D10C1FB5CEE}"
EndProject
Project("{FAE04EC0-301F-11D3-BF4B-00C04F79EFBC}") = "BibliotecaXF.Android", "BibliotecaXF.Android\BibliotecaXF.Android.csproj", "{9A8E29D6-4A3D-4993-869D-6C9B809B81C2}"
EndProject
Project("{FAE04EC0-301F-11D3-BF4B-00C04F79EFBC}") = "BibliotecaXF.iOS", "BibliotecaXF.iOS\BibliotecaXF.iOS.csproj", "{1CB62FE3-A6C3-46CA-87D2-1FDF9DDA4537}"
EndProject
Project("{FAE04EC0-301F-11D3-BF4B-00C04F79EFBC}") = "BibliotecaXF", "BibliotecaXF\BibliotecaXF.csproj", "{45A532B6-7920-4B08-A189-EAAB57247465}"
EndProject
Global
	GlobalSection(SolutionConfigurationPlatforms) = preSolution
		Debug|Any CPU = Debug|Any CPU
		Debug|ARM = Debug|ARM
		Debug|iPhone = Debug|iPhone
		Debug|iPhoneSimulator = Debug|iPhoneSimulator
		Debug|x64 = Debug|x64
		Debug|x86 = Debug|x86
		Release|Any CPU = Release|Any CPU
		Release|ARM = Release|ARM
		Release|iPhone = Release|iPhone
		Release|iPhoneSimulator = Release|iPhoneSimulator
		Release|x64 = Release|x64
		Release|x86 = Release|x86
	EndGlobalSection
	GlobalSection(ProjectConfigurationPlatforms) = postSolution
		{C68E28C4-A98D-4207-9F44-5D10C1FB5CEE}.Debug|Any CPU.ActiveCfg = Debug|x86
		{C68E28C4-A98D-4207-9F44-5D10C1FB5CEE}.Debug|Any CPU.Build.0 = Debug|x86
		{C68E28C4-A98D-4207-9F44-5D10C1FB5CEE}.Debug|Any CPU.Deploy.0 = Debug|x86
		{C68E28C4-A98D-4207-9F44-5D10C1FB5CEE}.Debug|ARM.ActiveCfg = Debug|ARM
		{C68E28C4-A98D-4207-9F44-5D10C1FB5CEE}.Debug|ARM.Build.0 = Debug|ARM
		{C68E28C4-A98D-4207-9F44-5D10C1FB5CEE}.Debug|ARM.Deploy.0 = Debug|ARM
		{C68E28C4-A98D-4207-9F44-5D10C1FB5CEE}.Debug|iPhone.ActiveCfg = Debug|x86
		{C68E28C4-A98D-4207-9F44-5D10C1FB5CEE}.Debug|iPhone.Build.0 = Debug|x86
		{C68E28C4-A98D-4207-9F44-5D10C1FB5CEE}.Debug|iPhone.Deploy.0 = Debug|x86
		{C68E28C4-A98D-4207-9F44-5D10C1FB5CEE}.Debug|iPhoneSimulator.ActiveCfg = Debug|x86
		{C68E28C4-A98D-4207-9F44-5D10C1FB5CEE}.Debug|iPhoneSimulator.Build.0 = Debug|x86
		{C68E28C4-A98D-4207-9F44-5D10C1FB5CEE}.Debug|iPhoneSimulator.Deploy.0 = Debug|x86
		{C68E28C4-A98D-4207-9F44-5D10C1FB5CEE}.Debug|x64.ActiveCfg = Debug|x64
		{C68E28C4-A98D-4207-9F44-5D10C1FB5CEE}.Debug|x64.Build.0 = Debug|x64
		{C68E28C4-A98D-4207-9F44-5D10C1FB5CEE}.Debug|x64.Deploy.0 = Debug|x64
		{C68E28C4-A98D-4207-9F44-5D10C1FB5CEE}.Debug|x86.ActiveCfg = Debug|x86
		{C68E28C4-A98D-4207-9F44-5D10C1FB5CEE}.Debug|x86.Build.0 = Debug|x86
		{C68E28C4-A98D-4207-9F44-5D10C1FB5CEE}.Debug|x86.Deploy.0 = Debug|x86
		{C68E28C4-A98D-4207-9F44-5D10C1FB5CEE}.Release|Any CPU.ActiveCfg = Release|x86
		{C68E28C4-A98D-4207-9F44-5D10C1FB5CEE}.Release|Any CPU.Build.0 = Release|x86
		{C68E28C4-A98D-4207-9F44-5D10C1FB5CEE}.Release|Any CPU.Deploy.0 = Release|x86
		{C68E28C4-A98D-4207-9F44-5D10C1FB5CEE}.Release|ARM.ActiveCfg = Release|ARM
		{C68E28C4-A98D-4207-9F44-5D10C1FB5CEE}.Release|ARM.Build.0 = Release|ARM
		{C68E28C4-A98D-4207-9F44-5D10C1FB5CEE}.Release|ARM.Deploy.0 = Release|ARM
		{C68E28C4-A98D-4207-9F44-5D10C1FB5CEE}.Release|iPhone.ActiveCfg = Release|x86
		{C68E28C4-A98D-4207-9F44-5D10C1FB5CEE}.Release|iPhone.Build.0 = Release|x86
		{C68E28C4-A98D-4207-9F44-5D10C1FB5CEE}.Release|iPhone.Deploy.0 = Release|x86
		{C68E28C4-A98D-4207-9F44-5D10C1FB5CEE}.Release|iPhoneSimulator.ActiveCfg = Release|x86
		{C68E28C4-A98D-4207-9F44-5D10C1FB5CEE}.Release|iPhoneSimulator.Build.0 = Release|x86
		{C68E28C4-A98D-4207-9F44-5D10C1FB5CEE}.Release|iPhoneSimulator.Deploy.0 = Release|x86
		{C68E28C4-A98D-4207-9F44-5D10C1FB5CEE}.Release|x64.ActiveCfg = Release|x64
		{C68E28C4-A98D-4207-9F44-5D10C1FB5CEE}.Release|x64.Build.0 = Release|x64
		{C68E28C4-A98D-4207-9F44-5D10C1FB5CEE}.Release|x64.Deploy.0 = Release|x64
		{C68E28C4-A98D-4207-9F44-5D10C1FB5CEE}.Release|x86.ActiveCfg = Release|x86
		{C68E28C4-A98D-4207-9F44-5D10C1FB5CEE}.Release|x86.Build.0 = Release|x86
		{C68E28C4-A98D-4207-9F44-5D10C1FB5CEE}.Release|x86.Deploy.0 = Release|x86
		{9A8E29D6-4A3D-4993-869D-6C9B809B81C2}.Debug|Any CPU.ActiveCfg = Debug|Any CPU
		{9A8E29D6-4A3D-4993-869D-6C9B809B81C2}.Debug|Any CPU.Build.0 = Debug|Any CPU
		{9A8E29D6-4A3D-4993-869D-6C9B809B81C2}.Debug|Any CPU.Deploy.0 = Debug|Any CPU
		{9A8E29D6-4A3D-4993-869D-6C9B809B81C2}.Debug|ARM.ActiveCfg = Debug|Any CPU
		{9A8E29D6-4A3D-4993-869D-6C9B809B81C2}.Debug|ARM.Build.0 = Debug|Any CPU
		{9A8E29D6-4A3D-4993-869D-6C9B809B81C2}.Debug|ARM.Deploy.0 = Debug|Any CPU
		{9A8E29D6-4A3D-4993-869D-6C9B809B81C2}.Debug|iPhone.ActiveCfg = Debug|Any CPU
		{9A8E29D6-4A3D-4993-869D-6C9B809B81C2}.Debug|iPhone.Build.0 = Debug|Any CPU
		{9A8E29D6-4A3D-4993-869D-6C9B809B81C2}.Debug|iPhone.Deploy.0 = Debug|Any CPU
		{9A8E29D6-4A3D-4993-869D-6C9B809B81C2}.Debug|iPhoneSimulator.ActiveCfg = Debug|Any CPU
		{9A8E29D6-4A3D-4993-869D-6C9B809B81C2}.Debug|iPhoneSimulator.Build.0 = Debug|Any CPU
		{9A8E29D6-4A3D-4993-869D-6C9B809B81C2}.Debug|iPhoneSimulator.Deploy.0 = Debug|Any CPU
		{9A8E29D6-4A3D-4993-869D-6C9B809B81C2}.Debug|x64.ActiveCfg = Debug|Any CPU
		{9A8E29D6-4A3D-4993-869D-6C9B809B81C2}.Debug|x64.Build.0 = Debug|Any CPU
		{9A8E29D6-4A3D-4993-869D-6C9B809B81C2}.Debug|x64.Deploy.0 = Debug|Any CPU
		{9A8E29D6-4A3D-4993-869D-6C9B809B81C2}.Debug|x86.ActiveCfg = Debug|Any CPU
		{9A8E29D6-4A3D-4993-869D-6C9B809B81C2}.Debug|x86.Build.0 = Debug|Any CPU
		{9A8E29D6-4A3D-4993-869D-6C9B809B81C2}.Debug|x86.Deploy.0 = Debug|Any CPU
		{9A8E29D6-4A3D-4993-869D-6C9B809B81C2}.Release|Any CPU.ActiveCfg = Release|Any CPU
		{9A8E29D6-4A3D-4993-869D-6C9B809B81C2}.Release|Any CPU.Build.0 = Release|Any CPU
		{9A8E29D6-4A3D-4993-869D-6C9B809B81C2}.Release|Any CPU.Deploy.0 = Release|Any CPU
		{9A8E29D6-4A3D-4993-869D-6C9B809B81C2}.Release|ARM.ActiveCfg = Release|Any CPU
		{9A8E29D6-4A3D-4993-869D-6C9B809B81C2}.Release|ARM.Build.0 = Release|Any CPU
		{9A8E29D6-4A3D-4993-869D-6C9B809B81C2}.Release|ARM.Deploy.0 = Release|Any CPU
		{9A8E29D6-4A3D-4993-869D-6C9B809B81C2}.Release|iPhone.ActiveCfg = Release|Any CPU
		{9A8E29D6-4A3D-4993-869D-6C9B809B81C2}.Release|iPhone.Build.0 = Release|Any CPU
		{9A8E29D6-4A3D-4993-869D-6C9B809B81C2}.Release|iPhone.Deploy.0 = Release|Any CPU
		{9A8E29D6-4A3D-4993-869D-6C9B809B81C2}.Release|iPhoneSimulator.ActiveCfg = Release|Any CPU
		{9A8E29D6-4A3D-4993-869D-6C9B809B81C2}.Release|iPhoneSimulator.Build.0 = Release|Any CPU
		{9A8E29D6-4A3D-4993-869D-6C9B809B81C2}.Release|iPhoneSimulator.Deploy.0 = Release|Any CPU
		{9A8E29D6-4A3D-4993-869D-6C9B809B81C2}.Release|x64.ActiveCfg = Release|Any CPU
		{9A8E29D6-4A3D-4993-869D-6C9B809B81C2}.Release|x64.Build.0 = Release|Any CPU
		{9A8E29D6-4A3D-4993-869D-6C9B809B81C2}.Release|x64.Deploy.0 = Release|Any CPU
		{9A8E29D6-4A3D-4993-869D-6C9B809B81C2}.Release|x86.ActiveCfg = Release|Any CPU
		{9A8E29D6-4A3D-4993-869D-6C9B809B81C2}.Release|x86.Build.0 = Release|Any CPU
		{9A8E29D6-4A3D-4993-869D-6C9B809B81C2}.Release|x86.Deploy.0 = Release|Any CPU
		{1CB62FE3-A6C3-46CA-87D2-1FDF9DDA4537}.Debug|Any CPU.ActiveCfg = Debug|iPhoneSimulator
		{1CB62FE3-A6C3-46CA-87D2-1FDF9DDA4537}.Debug|Any CPU.Build.0 = Debug|iPhoneSimulator
		{1CB62FE3-A6C3-46CA-87D2-1FDF9DDA4537}.Debug|Any CPU.Deploy.0 = Debug|iPhoneSimulator
		{1CB62FE3-A6C3-46CA-87D2-1FDF9DDA4537}.Debug|ARM.ActiveCfg = Debug|iPhone
		{1CB62FE3-A6C3-46CA-87D2-1FDF9DDA4537}.Debug|ARM.Build.0 = Debug|iPhone
		{1CB62FE3-A6C3-46CA-87D2-1FDF9DDA4537}.Debug|ARM.Deploy.0 = Debug|iPhone
		{1CB62FE3-A6C3-46CA-87D2-1FDF9DDA4537}.Debug|iPhone.ActiveCfg = Debug|iPhone
		{1CB62FE3-A6C3-46CA-87D2-1FDF9DDA4537}.Debug|iPhone.Build.0 = Debug|iPhone
		{1CB62FE3-A6C3-46CA-87D2-1FDF9DDA4537}.Debug|iPhone.Deploy.0 = Debug|iPhone
		{1CB62FE3-A6C3-46CA-87D2-1FDF9DDA4537}.Debug|iPhoneSimulator.ActiveCfg = Debug|iPhoneSimulator
		{1CB62FE3-A6C3-46CA-87D2-1FDF9DDA4537}.Debug|iPhoneSimulator.Build.0 = Debug|iPhoneSimulator
		{1CB62FE3-A6C3-46CA-87D2-1FDF9DDA4537}.Debug|iPhoneSimulator.Deploy.0 = Debug|iPhoneSimulator
		{1CB62FE3-A6C3-46CA-87D2-1FDF9DDA4537}.Debug|x64.ActiveCfg = Debug|iPhoneSimulator
		{1CB62FE3-A6C3-46CA-87D2-1FDF9DDA4537}.Debug|x64.Build.0 = Debug|iPhoneSimulator
		{1CB62FE3-A6C3-46CA-87D2-1FDF9DDA4537}.Debug|x64.Deploy.0 = Debug|iPhoneSimulator
		{1CB62FE3-A6C3-46CA-87D2-1FDF9DDA4537}.Debug|x86.ActiveCfg = Debug|iPhoneSimulator
		{1CB62FE3-A6C3-46CA-87D2-1FDF9DDA4537}.Debug|x86.Build.0 = Debug|iPhoneSimulator
		{1CB62FE3-A6C3-46CA-87D2-1FDF9DDA4537}.Debug|x86.Deploy.0 = Debug|iPhoneSimulator
		{1CB62FE3-A6C3-46CA-87D2-1FDF9DDA4537}.Release|Any CPU.ActiveCfg = Release|iPhoneSimulator
		{1CB62FE3-A6C3-46CA-87D2-1FDF9DDA4537}.Release|Any CPU.Build.0 = Release|iPhoneSimulator
		{1CB62FE3-A6C3-46CA-87D2-1FDF9DDA4537}.Release|Any CPU.Deploy.0 = Release|iPhoneSimulator
		{1CB62FE3-A6C3-46CA-87D2-1FDF9DDA4537}.Release|ARM.ActiveCfg = Release|iPhoneSimulator
		{1CB62FE3-A6C3-46CA-87D2-1FDF9DDA4537}.Release|ARM.Build.0 = Release|iPhoneSimulator
		{1CB62FE3-A6C3-46CA-87D2-1FDF9DDA4537}.Release|ARM.Deploy.0 = Release|iPhoneSimulator
		{1CB62FE3-A6C3-46CA-87D2-1FDF9DDA4537}.Release|iPhone.ActiveCfg = Release|iPhone
		{1CB62FE3-A6C3-46CA-87D2-1FDF9DDA4537}.Release|iPhone.Build.0 = Release|iPhone
		{1CB62FE3-A6C3-46CA-87D2-1FDF9DDA4537}.Release|iPhone.Deploy.0 = Release|iPhone
		{1CB62FE3-A6C3-46CA-87D2-1FDF9DDA4537}.Release|iPhoneSimulator.ActiveCfg = Release|iPhoneSimulator
		{1CB62FE3-A6C3-46CA-87D2-1FDF9DDA4537}.Release|iPhoneSimulator.Build.0 = Release|iPhoneSimulator
		{1CB62FE3-A6C3-46CA-87D2-1FDF9DDA4537}.Release|iPhoneSimulator.Deploy.0 = Release|iPhoneSimulator
		{1CB62FE3-A6C3-46CA-87D2-1FDF9DDA4537}.Release|x64.ActiveCfg = Release|iPhoneSimulator
		{1CB62FE3-A6C3-46CA-87D2-1FDF9DDA4537}.Release|x64.Build.0 = Release|iPhoneSimulator
		{1CB62FE3-A6C3-46CA-87D2-1FDF9DDA4537}.Release|x64.Deploy.0 = Release|iPhoneSimulator
		{1CB62FE3-A6C3-46CA-87D2-1FDF9DDA4537}.Release|x86.ActiveCfg = Release|iPhoneSimulator
		{1CB62FE3-A6C3-46CA-87D2-1FDF9DDA4537}.Release|x86.Build.0 = Release|iPhoneSimulator
		{1CB62FE3-A6C3-46CA-87D2-1FDF9DDA4537}.Release|x86.Deploy.0 = Release|iPhoneSimulator
		{45A532B6-7920-4B08-A189-EAAB57247465}.Debug|Any CPU.ActiveCfg = Debug|Any CPU
		{45A532B6-7920-4B08-A189-EAAB57247465}.Debug|Any CPU.Build.0 = Debug|Any CPU
		{45A532B6-7920-4B08-A189-EAAB57247465}.Debug|Any CPU.Deploy.0 = Debug|Any CPU
		{45A532B6-7920-4B08-A189-EAAB57247465}.Debug|ARM.ActiveCfg = Debug|Any CPU
		{45A532B6-7920-4B08-A189-EAAB57247465}.Debug|ARM.Build.0 = Debug|Any CPU
		{45A532B6-7920-4B08-A189-EAAB57247465}.Debug|ARM.Deploy.0 = Debug|Any CPU
		{45A532B6-7920-4B08-A189-EAAB57247465}.Debug|iPhone.ActiveCfg = Debug|Any CPU
		{45A532B6-7920-4B08-A189-EAAB57247465}.Debug|iPhone.Build.0 = Debug|Any CPU
		{45A532B6-7920-4B08-A189-EAAB57247465}.Debug|iPhone.Deploy.0 = Debug|Any CPU
		{45A532B6-7920-4B08-A189-EAAB57247465}.Debug|iPhoneSimulator.ActiveCfg = Debug|Any CPU
		{45A532B6-7920-4B08-A189-EAAB57247465}.Debug|iPhoneSimulator.Build.0 = Debug|Any CPU
		{45A532B6-7920-4B08-A189-EAAB57247465}.Debug|iPhoneSimulator.Deploy.0 = Debug|Any CPU
		{45A532B6-7920-4B08-A189-EAAB57247465}.Debug|x64.ActiveCfg = Debug|Any CPU
		{45A532B6-7920-4B08-A189-EAAB57247465}.Debug|x64.Build.0 = Debug|Any CPU
		{45A532B6-7920-4B08-A189-EAAB57247465}.Debug|x64.Deploy.0 = Debug|Any CPU
		{45A532B6-7920-4B08-A189-EAAB57247465}.Debug|x86.ActiveCfg = Debug|Any CPU
		{45A532B6-7920-4B08-A189-EAAB57247465}.Debug|x86.Build.0 = Debug|Any CPU
		{45A532B6-7920-4B08-A189-EAAB57247465}.Debug|x86.Deploy.0 = Debug|Any CPU
		{45A532B6-7920-4B08-A189-EAAB57247465}.Release|Any CPU.ActiveCfg = Release|Any CPU
		{45A532B6-7920-4B08-A189-EAAB57247465}.Release|Any CPU.Build.0 = Release|Any CPU
		{45A532B6-7920-4B08-A189-EAAB57247465}.Release|Any CPU.Deploy.0 = Release|Any CPU
		{45A532B6-7920-4B08-A189-EAAB57247465}.Release|ARM.ActiveCfg = Release|Any CPU
		{45A532B6-7920-4B08-A189-EAAB57247465}.Release|ARM.Build.0 = Release|Any CPU
		{45A532B6-7920-4B08-A189-EAAB57247465}.Release|ARM.Deploy.0 = Release|Any CPU
		{45A532B6-7920-4B08-A189-EAAB57247465}.Release|iPhone.ActiveCfg = Release|Any CPU
		{45A532B6-7920-4B08-A189-EAAB57247465}.Release|iPhone.Build.0 = Release|Any CPU
		{45A532B6-7920-4B08-A189-EAAB57247465}.Release|iPhone.Deploy.0 = Release|Any CPU
		{45A532B6-7920-4B08-A189-EAAB57247465}.Release|iPhoneSimulator.ActiveCfg = Release|Any CPU
		{45A532B6-7920-4B08-A189-EAAB57247465}.Release|iPhoneSimulator.Build.0 = Release|Any CPU
		{45A532B6-7920-4B08-A189-EAAB57247465}.Release|iPhoneSimulator.Deploy.0 = Release|Any CPU
		{45A532B6-7920-4B08-A189-EAAB57247465}.Release|x64.ActiveCfg = Release|Any CPU
		{45A532B6-7920-4B08-A189-EAAB57247465}.Release|x64.Build.0 = Release|Any CPU
		{45A532B6-7920-4B08-A189-EAAB57247465}.Release|x64.Deploy.0 = Release|Any CPU
		{45A532B6-7920-4B08-A189-EAAB57247465}.Release|x86.ActiveCfg = Release|Any CPU
		{45A532B6-7920-4B08-A189-EAAB57247465}.Release|x86.Build.0 = Release|Any CPU
		{45A532B6-7920-4B08-A189-EAAB57247465}.Release|x86.Deploy.0 = Release|Any CPU
	EndGlobalSection
	GlobalSection(SolutionProperties) = preSolution
		HideSolutionNode = FALSE
	EndGlobalSection
	GlobalSection(ExtensibilityGlobals) = postSolution
		SolutionGuid = {4B2AD518-F643-4396-84AC-A40C30309602}
	EndGlobalSection
EndGlobal
